
Microsoft Visual Studio Solution File, Format Version 12.00
# Visual Studio Version 17
VisualStudioVersion = 17.2.32519.379
MinimumVisualStudioVersion = 10.0.40219.1
Project("{FAE04EC0-301F-11D3-BF4B-00C04F79EFBC}") = "ConsoleApp5", "ConsoleApp5\ConsoleApp5.csproj", "{EDE7D09F-03AD-4330-895F-956AE3F0AEBB}"
EndProject
Global
	GlobalSection(SolutionConfigurationPlatforms) = preSolution
		Debug|Any CPU = Debug|Any CPU
		Release|Any CPU = Release|Any CPU
	EndGlobalSection
	GlobalSection(ProjectConfigurationPlatforms) = postSolution
		{EDE7D09F-03AD-4330-895F-956AE3F0AEBB}.Debug|Any CPU.ActiveCfg = Debug|Any CPU
		{EDE7D09F-03AD-4330-895F-956AE3F0AEBB}.Debug|Any CPU.Build.0 = Debug|Any CPU
		{EDE7D09F-03AD-4330-895F-956AE3F0AEBB}.Release|Any CPU.ActiveCfg = Release|Any CPU
		{EDE7D09F-03AD-4330-895F-956AE3F0AEBB}.Release|Any CPU.Build.0 = Release|Any CPU
	EndGlobalSection
	GlobalSection(SolutionProperties) = preSolution
		HideSolutionNode = FALSE
	EndGlobalSection
	GlobalSection(ExtensibilityGlobals) = postSolution
		SolutionGuid = {4E067303-6683-4BF2-855E-0DF97570362B}
	EndGlobalSection
EndGlobal
