
Microsoft Visual Studio Solution File, Format Version 12.00
# Visual Studio Version 17
VisualStudioVersion = 17.3.32825.248
MinimumVisualStudioVersion = 10.0.40219.1
Project("{FAE04EC0-301F-11D3-BF4B-00C04F79EFBC}") = "ConsoleApp8", "ConsoleApp8\ConsoleApp8.csproj", "{B7D74B87-F8AB-4249-AFA9-FE3762F4766B}"
EndProject
Global
	GlobalSection(SolutionConfigurationPlatforms) = preSolution
		Debug|Any CPU = Debug|Any CPU
		Release|Any CPU = Release|Any CPU
	EndGlobalSection
	GlobalSection(ProjectConfigurationPlatforms) = postSolution
		{B7D74B87-F8AB-4249-AFA9-FE3762F4766B}.Debug|Any CPU.ActiveCfg = Debug|Any CPU
		{B7D74B87-F8AB-4249-AFA9-FE3762F4766B}.Debug|Any CPU.Build.0 = Debug|Any CPU
		{B7D74B87-F8AB-4249-AFA9-FE3762F4766B}.Release|Any CPU.ActiveCfg = Release|Any CPU
		{B7D74B87-F8AB-4249-AFA9-FE3762F4766B}.Release|Any CPU.Build.0 = Release|Any CPU
	EndGlobalSection
	GlobalSection(SolutionProperties) = preSolution
		HideSolutionNode = FALSE
	EndGlobalSection
	GlobalSection(ExtensibilityGlobals) = postSolution
		SolutionGuid = {08F32BE6-81D8-470C-9180-8EAE42CA7994}
	EndGlobalSection
EndGlobal
